
Microsoft Visual Studio Solution File, Format Version 12.00
# Visual Studio 15
VisualStudioVersion = 15.0.28307.572
MinimumVisualStudioVersion = 10.0.40219.1
Project("{FAE04EC0-301F-11D3-BF4B-00C04F79EFBC}") = "AI_CSV", "AI_CSV\AI_CSV.csproj", "{9EE25712-CE7B-4A65-9B10-AB678502C1CE}"
EndProject
Global
	GlobalSection(SolutionConfigurationPlatforms) = preSolution
		Debug|Any CPU = Debug|Any CPU
		Release|Any CPU = Release|Any CPU
	EndGlobalSection
	GlobalSection(ProjectConfigurationPlatforms) = postSolution
		{9EE25712-CE7B-4A65-9B10-AB678502C1CE}.Debug|Any CPU.ActiveCfg = Debug|Any CPU
		{9EE25712-CE7B-4A65-9B10-AB678502C1CE}.Debug|Any CPU.Build.0 = Debug|Any CPU
		{9EE25712-CE7B-4A65-9B10-AB678502C1CE}.Release|Any CPU.ActiveCfg = Release|Any CPU
		{9EE25712-CE7B-4A65-9B10-AB678502C1CE}.Release|Any CPU.Build.0 = Release|Any CPU
	EndGlobalSection
	GlobalSection(SolutionProperties) = preSolution
		HideSolutionNode = FALSE
	EndGlobalSection
	GlobalSection(ExtensibilityGlobals) = postSolution
		SolutionGuid = {34BA991F-A63C-4A6A-95D6-32699FA2D3F1}
	EndGlobalSection
EndGlobal
